
Microsoft Visual Studio Solution File, Format Version 12.00
# Visual Studio Version 17
VisualStudioVersion = 17.0.31521.260
MinimumVisualStudioVersion = 10.0.40219.1
Project("{FAE04EC0-301F-11D3-BF4B-00C04F79EFBC}") = "H1MethodTry", "H1MethodTry.csproj", "{9243B374-BB4B-4CF8-83E7-C807F15A0143}"
EndProject
Global
	GlobalSection(SolutionConfigurationPlatforms) = preSolution
		Debug|Any CPU = Debug|Any CPU
		Release|Any CPU = Release|Any CPU
	EndGlobalSection
	GlobalSection(ProjectConfigurationPlatforms) = postSolution
		{9243B374-BB4B-4CF8-83E7-C807F15A0143}.Debug|Any CPU.ActiveCfg = Debug|Any CPU
		{9243B374-BB4B-4CF8-83E7-C807F15A0143}.Debug|Any CPU.Build.0 = Debug|Any CPU
		{9243B374-BB4B-4CF8-83E7-C807F15A0143}.Release|Any CPU.ActiveCfg = Release|Any CPU
		{9243B374-BB4B-4CF8-83E7-C807F15A0143}.Release|Any CPU.Build.0 = Release|Any CPU
	EndGlobalSection
	GlobalSection(SolutionProperties) = preSolution
		HideSolutionNode = FALSE
	EndGlobalSection
	GlobalSection(ExtensibilityGlobals) = postSolution
		SolutionGuid = {91B0B673-9BB8-42AB-AB0F-81EF0D3B1C46}
	EndGlobalSection
EndGlobal
